// !$*UTF8*$!
{
	archiveVersion = 1;
	classes = {
	};
	objectVersion = 46;
	objects = {

/* Begin PBXBuildFile section */
		04168A0E1C9E4D8D00CE54DF /* AppDelegate.swift in Sources */ = {isa = PBXBuildFile; fileRef = 04168A0D1C9E4D8D00CE54DF /* AppDelegate.swift */; };
		04168A101C9E4D8D00CE54DF /* ViewController.swift in Sources */ = {isa = PBXBuildFile; fileRef = 04168A0F1C9E4D8D00CE54DF /* ViewController.swift */; };
		04168A131C9E4D8D00CE54DF /* Main.storyboard in Resources */ = {isa = PBXBuildFile; fileRef = 04168A111C9E4D8D00CE54DF /* Main.storyboard */; };
		04168A151C9E4D8D00CE54DF /* Assets.xcassets in Resources */ = {isa = PBXBuildFile; fileRef = 04168A141C9E4D8D00CE54DF /* Assets.xcassets */; };
		04168A181C9E4D8D00CE54DF /* LaunchScreen.storyboard in Resources */ = {isa = PBXBuildFile; fileRef = 04168A161C9E4D8D00CE54DF /* LaunchScreen.storyboard */; };
		04168A231C9E4D8D00CE54DF /* onTests.swift in Sources */ = {isa = PBXBuildFile; fileRef = 04168A221C9E4D8D00CE54DF /* onTests.swift */; };
		04168A2E1C9E4D8D00CE54DF /* onUITests.swift in Sources */ = {isa = PBXBuildFile; fileRef = 04168A2D1C9E4D8D00CE54DF /* onUITests.swift */; };
		04168A3D1C9E4DD100CE54DF /* On.swift in Sources */ = {isa = PBXBuildFile; fileRef = 04168A3C1C9E4DD100CE54DF /* On.swift */; };
/* End PBXBuildFile section */

/* Begin PBXContainerItemProxy section */
		04168A1F1C9E4D8D00CE54DF /* PBXContainerItemProxy */ = {
			isa = PBXContainerItemProxy;
			containerPortal = 04168A021C9E4D8D00CE54DF /* Project object */;
			proxyType = 1;
			remoteGlobalIDString = 04168A091C9E4D8D00CE54DF;
			remoteInfo = on;
		};
		04168A2A1C9E4D8D00CE54DF /* PBXContainerItemProxy */ = {
			isa = PBXContainerItemProxy;
			containerPortal = 04168A021C9E4D8D00CE54DF /* Project object */;
			proxyType = 1;
			remoteGlobalIDString = 04168A091C9E4D8D00CE54DF;
			remoteInfo = on;
		};
/* End PBXContainerItemProxy section */

/* Begin PBXFileReference section */
		04168A0A1C9E4D8D00CE54DF /* on.app */ = {isa = PBXFileReference; explicitFileType = wrapper.application; includeInIndex = 0; path = on.app; sourceTree = BUILT_PRODUCTS_DIR; };
		04168A0D1C9E4D8D00CE54DF /* AppDelegate.swift */ = {isa = PBXFileReference; lastKnownFileType = sourcecode.swift; path = AppDelegate.swift; sourceTree = "<group>"; };
		04168A0F1C9E4D8D00CE54DF /* ViewController.swift */ = {isa = PBXFileReference; lastKnownFileType = sourcecode.swift; path = ViewController.swift; sourceTree = "<group>"; };
		04168A121C9E4D8D00CE54DF /* Base */ = {isa = PBXFileReference; lastKnownFileType = file.storyboard; name = Base; path = Base.lproj/Main.storyboard; sourceTree = "<group>"; };
		04168A141C9E4D8D00CE54DF /* Assets.xcassets */ = {isa = PBXFileReference; lastKnownFileType = folder.assetcatalog; path = Assets.xcassets; sourceTree = "<group>"; };
		04168A171C9E4D8D00CE54DF /* Base */ = {isa = PBXFileReference; lastKnownFileType = file.storyboard; name = Base; path = Base.lproj/LaunchScreen.storyboard; sourceTree = "<group>"; };
		04168A191C9E4D8D00CE54DF /* Info.plist */ = {isa = PBXFileReference; lastKnownFileType = text.plist.xml; path = Info.plist; sourceTree = "<group>"; };
		04168A1E1C9E4D8D00CE54DF /* onTests.xctest */ = {isa = PBXFileReference; explicitFileType = wrapper.cfbundle; includeInIndex = 0; path = onTests.xctest; sourceTree = BUILT_PRODUCTS_DIR; };
		04168A221C9E4D8D00CE54DF /* onTests.swift */ = {isa = PBXFileReference; lastKnownFileType = sourcecode.swift; path = onTests.swift; sourceTree = "<group>"; };
		04168A241C9E4D8D00CE54DF /* Info.plist */ = {isa = PBXFileReference; lastKnownFileType = text.plist.xml; path = Info.plist; sourceTree = "<group>"; };
		04168A291C9E4D8D00CE54DF /* onUITests.xctest */ = {isa = PBXFileReference; explicitFileType = wrapper.cfbundle; includeInIndex = 0; path = onUITests.xctest; sourceTree = BUILT_PRODUCTS_DIR; };
		04168A2D1C9E4D8D00CE54DF /* onUITests.swift */ = {isa = PBXFileReference; lastKnownFileType = sourcecode.swift; path = onUITests.swift; sourceTree = "<group>"; };
		04168A2F1C9E4D8D00CE54DF /* Info.plist */ = {isa = PBXFileReference; lastKnownFileType = text.plist.xml; path = Info.plist; sourceTree = "<group>"; };
		04168A3C1C9E4DD100CE54DF /* On.swift */ = {isa = PBXFileReference; fileEncoding = 4; lastKnownFileType = sourcecode.swift; path = On.swift; sourceTree = "<group>"; };
/* End PBXFileReference section */

/* Begin PBXFrameworksBuildPhase section */
		04168A071C9E4D8D00CE54DF /* Frameworks */ = {
			isa = PBXFrameworksBuildPhase;
			buildActionMask = 2147483647;
			files = (
			);
			runOnlyForDeploymentPostprocessing = 0;
		};
		04168A1B1C9E4D8D00CE54DF /* Frameworks */ = {
			isa = PBXFrameworksBuildPhase;
			buildActionMask = 2147483647;
			files = (
			);
			runOnlyForDeploymentPostprocessing = 0;
		};
		04168A261C9E4D8D00CE54DF /* Frameworks */ = {
			isa = PBXFrameworksBuildPhase;
			buildActionMask = 2147483647;
			files = (
			);
			runOnlyForDeploymentPostprocessing = 0;
		};
/* End PBXFrameworksBuildPhase section */

/* Begin PBXGroup section */
		04168A011C9E4D8D00CE54DF = {
			isa = PBXGroup;
			children = (
				04168A3B1C9E4DBE00CE54DF /* on */,
				04168A0C1C9E4D8D00CE54DF /* onExample */,
				04168A211C9E4D8D00CE54DF /* onTests */,
				04168A2C1C9E4D8D00CE54DF /* onUITests */,
				04168A0B1C9E4D8D00CE54DF /* Products */,
			);
			sourceTree = "<group>";
		};
		04168A0B1C9E4D8D00CE54DF /* Products */ = {
			isa = PBXGroup;
			children = (
				04168A0A1C9E4D8D00CE54DF /* on.app */,
				04168A1E1C9E4D8D00CE54DF /* onTests.xctest */,
				04168A291C9E4D8D00CE54DF /* onUITests.xctest */,
			);
			name = Products;
			sourceTree = "<group>";
		};
		04168A0C1C9E4D8D00CE54DF /* onExample */ = {
			isa = PBXGroup;
			children = (
				04168A0D1C9E4D8D00CE54DF /* AppDelegate.swift */,
				04168A0F1C9E4D8D00CE54DF /* ViewController.swift */,
				04168A111C9E4D8D00CE54DF /* Main.storyboard */,
				04168A141C9E4D8D00CE54DF /* Assets.xcassets */,
				04168A161C9E4D8D00CE54DF /* LaunchScreen.storyboard */,
				04168A191C9E4D8D00CE54DF /* Info.plist */,
			);
			name = onExample;
			path = on;
			sourceTree = "<group>";
		};
		04168A211C9E4D8D00CE54DF /* onTests */ = {
			isa = PBXGroup;
			children = (
				04168A221C9E4D8D00CE54DF /* onTests.swift */,
				04168A241C9E4D8D00CE54DF /* Info.plist */,
			);
			path = onTests;
			sourceTree = "<group>";
		};
		04168A2C1C9E4D8D00CE54DF /* onUITests */ = {
			isa = PBXGroup;
			children = (
				04168A2D1C9E4D8D00CE54DF /* onUITests.swift */,
				04168A2F1C9E4D8D00CE54DF /* Info.plist */,
			);
			path = onUITests;
			sourceTree = "<group>";
		};
		04168A3B1C9E4DBE00CE54DF /* on */ = {
			isa = PBXGroup;
			children = (
				04168A3C1C9E4DD100CE54DF /* On.swift */,
			);
			name = on;
			sourceTree = "<group>";
		};
/* End PBXGroup section */

/* Begin PBXNativeTarget section */
		04168A091C9E4D8D00CE54DF /* on */ = {
			isa = PBXNativeTarget;
			buildConfigurationList = 04168A321C9E4D8D00CE54DF /* Build configuration list for PBXNativeTarget "on" */;
			buildPhases = (
				04168A061C9E4D8D00CE54DF /* Sources */,
				04168A071C9E4D8D00CE54DF /* Frameworks */,
				04168A081C9E4D8D00CE54DF /* Resources */,
			);
			buildRules = (
			);
			dependencies = (
			);
			name = on;
			productName = on;
			productReference = 04168A0A1C9E4D8D00CE54DF /* on.app */;
			productType = "com.apple.product-type.application";
		};
		04168A1D1C9E4D8D00CE54DF /* onTests */ = {
			isa = PBXNativeTarget;
			buildConfigurationList = 04168A351C9E4D8D00CE54DF /* Build configuration list for PBXNativeTarget "onTests" */;
			buildPhases = (
				04168A1A1C9E4D8D00CE54DF /* Sources */,
				04168A1B1C9E4D8D00CE54DF /* Frameworks */,
				04168A1C1C9E4D8D00CE54DF /* Resources */,
			);
			buildRules = (
			);
			dependencies = (
				04168A201C9E4D8D00CE54DF /* PBXTargetDependency */,
			);
			name = onTests;
			productName = onTests;
			productReference = 04168A1E1C9E4D8D00CE54DF /* onTests.xctest */;
			productType = "com.apple.product-type.bundle.unit-test";
		};
		04168A281C9E4D8D00CE54DF /* onUITests */ = {
			isa = PBXNativeTarget;
			buildConfigurationList = 04168A381C9E4D8D00CE54DF /* Build configuration list for PBXNativeTarget "onUITests" */;
			buildPhases = (
				04168A251C9E4D8D00CE54DF /* Sources */,
				04168A261C9E4D8D00CE54DF /* Frameworks */,
				04168A271C9E4D8D00CE54DF /* Resources */,
			);
			buildRules = (
			);
			dependencies = (
				04168A2B1C9E4D8D00CE54DF /* PBXTargetDependency */,
			);
			name = onUITests;
			productName = onUITests;
			productReference = 04168A291C9E4D8D00CE54DF /* onUITests.xctest */;
			productType = "com.apple.product-type.bundle.ui-testing";
		};
/* End PBXNativeTarget section */

/* Begin PBXProject section */
		04168A021C9E4D8D00CE54DF /* Project object */ = {
			isa = PBXProject;
			attributes = {
				LastSwiftUpdateCheck = 0730;
				LastUpgradeCheck = 0730;
				ORGANIZATIONNAME = "Kyle Fang";
				TargetAttributes = {
					04168A091C9E4D8D00CE54DF = {
						CreatedOnToolsVersion = 7.3;
					};
					04168A1D1C9E4D8D00CE54DF = {
						CreatedOnToolsVersion = 7.3;
						TestTargetID = 04168A091C9E4D8D00CE54DF;
					};
					04168A281C9E4D8D00CE54DF = {
						CreatedOnToolsVersion = 7.3;
						TestTargetID = 04168A091C9E4D8D00CE54DF;
					};
				};
			};
			buildConfigurationList = 04168A051C9E4D8D00CE54DF /* Build configuration list for PBXProject "on" */;
			compatibilityVersion = "Xcode 3.2";
			developmentRegion = English;
			hasScannedForEncodings = 0;
			knownRegions = (
				en,
				Base,
			);
			mainGroup = 04168A011C9E4D8D00CE54DF;
			productRefGroup = 04168A0B1C9E4D8D00CE54DF /* Products */;
			projectDirPath = "";
			projectRoot = "";
			targets = (
				04168A091C9E4D8D00CE54DF /* on */,
				04168A1D1C9E4D8D00CE54DF /* onTests */,
				04168A281C9E4D8D00CE54DF /* onUITests */,
			);
		};
/* End PBXProject section */

/* Begin PBXResourcesBuildPhase section */
		04168A081C9E4D8D00CE54DF /* Resources */ = {
			isa = PBXResourcesBuildPhase;
			buildActionMask = 2147483647;
			files = (
				04168A181C9E4D8D00CE54DF /* LaunchScreen.storyboard in Resources */,
				04168A151C9E4D8D00CE54DF /* Assets.xcassets in Resources */,
				04168A131C9E4D8D00CE54DF /* Main.storyboard in Resources */,
			);
			runOnlyForDeploymentPostprocessing = 0;
		};
		04168A1C1C9E4D8D00CE54DF /* Resources */ = {
			isa = PBXResourcesBuildPhase;
			buildActionMask = 2147483647;
			files = (
			);
			runOnlyForDeploymentPostprocessing = 0;
		};
		04168A271C9E4D8D00CE54DF /* Resources */ = {
			isa = PBXResourcesBuildPhase;
			buildActionMask = 2147483647;
			files = (
			);
			runOnlyForDeploymentPostprocessing = 0;
		};
/* End PBXResourcesBuildPhase section */

/* Begin PBXSourcesBuildPhase section */
		04168A061C9E4D8D00CE54DF /* Sources */ = {
			isa = PBXSourcesBuildPhase;
			buildActionMask = 2147483647;
			files = (
				04168A101C9E4D8D00CE54DF /* ViewController.swift in Sources */,
				04168A0E1C9E4D8D00CE54DF /* AppDelegate.swift in Sources */,
				04168A3D1C9E4DD100CE54DF /* On.swift in Sources */,
			);
			runOnlyForDeploymentPostprocessing = 0;
		};
		04168A1A1C9E4D8D00CE54DF /* Sources */ = {
			isa = PBXSourcesBuildPhase;
			buildActionMask = 2147483647;
			files = (
				04168A231C9E4D8D00CE54DF /* onTests.swift in Sources */,
			);
			runOnlyForDeploymentPostprocessing = 0;
		};
		04168A251C9E4D8D00CE54DF /* Sources */ = {
			isa = PBXSourcesBuildPhase;
			buildActionMask = 2147483647;
			files = (
				04168A2E1C9E4D8D00CE54DF /* onUITests.swift in Sources */,
			);
			runOnlyForDeploymentPostprocessing = 0;
		};
/* End PBXSourcesBuildPhase section */

/* Begin PBXTargetDependency section */
		04168A201C9E4D8D00CE54DF /* PBXTargetDependency */ = {
			isa = PBXTargetDependency;
			target = 04168A091C9E4D8D00CE54DF /* on */;
			targetProxy = 04168A1F1C9E4D8D00CE54DF /* PBXContainerItemProxy */;
		};
		04168A2B1C9E4D8D00CE54DF /* PBXTargetDependency */ = {
			isa = PBXTargetDependency;
			target = 04168A091C9E4D8D00CE54DF /* on */;
			targetProxy = 04168A2A1C9E4D8D00CE54DF /* PBXContainerItemProxy */;
		};
/* End PBXTargetDependency section */

/* Begin PBXVariantGroup section */
		04168A111C9E4D8D00CE54DF /* Main.storyboard */ = {
			isa = PBXVariantGroup;
			children = (
				04168A121C9E4D8D00CE54DF /* Base */,
			);
			name = Main.storyboard;
			sourceTree = "<group>";
		};
		04168A161C9E4D8D00CE54DF /* LaunchScreen.storyboard */ = {
			isa = PBXVariantGroup;
			children = (
				04168A171C9E4D8D00CE54DF /* Base */,
			);
			name = LaunchScreen.storyboard;
			sourceTree = "<group>";
		};
/* End PBXVariantGroup section */

/* Begin XCBuildConfiguration section */
		04168A301C9E4D8D00CE54DF /* Debug */ = {
			isa = XCBuildConfiguration;
			buildSettings = {
				ALWAYS_SEARCH_USER_PATHS = NO;
				CLANG_ANALYZER_NONNULL = YES;
				CLANG_CXX_LANGUAGE_STANDARD = "gnu++0x";
				CLANG_CXX_LIBRARY = "libc++";
				CLANG_ENABLE_MODULES = YES;
				CLANG_ENABLE_OBJC_ARC = YES;
				CLANG_WARN_BOOL_CONVERSION = YES;
				CLANG_WARN_CONSTANT_CONVERSION = YES;
				CLANG_WARN_DIRECT_OBJC_ISA_USAGE = YES_ERROR;
				CLANG_WARN_EMPTY_BODY = YES;
				CLANG_WARN_ENUM_CONVERSION = YES;
				CLANG_WARN_INT_CONVERSION = YES;
				CLANG_WARN_OBJC_ROOT_CLASS = YES_ERROR;
				CLANG_WARN_UNREACHABLE_CODE = YES;
				CLANG_WARN__DUPLICATE_METHOD_MATCH = YES;
				"CODE_SIGN_IDENTITY[sdk=iphoneos*]" = "iPhone Developer";
				COPY_PHASE_STRIP = NO;
				DEBUG_INFORMATION_FORMAT = dwarf;
				ENABLE_STRICT_OBJC_MSGSEND = YES;
				ENABLE_TESTABILITY = YES;
				GCC_C_LANGUAGE_STANDARD = gnu99;
				GCC_DYNAMIC_NO_PIC = NO;
				GCC_NO_COMMON_BLOCKS = YES;
				GCC_OPTIMIZATION_LEVEL = 0;
				GCC_PREPROCESSOR_DEFINITIONS = (
					"DEBUG=1",
					"$(inherited)",
				);
				GCC_WARN_64_TO_32_BIT_CONVERSION = YES;
				GCC_WARN_ABOUT_RETURN_TYPE = YES_ERROR;
				GCC_WARN_UNDECLARED_SELECTOR = YES;
				GCC_WARN_UNINITIALIZED_AUTOS = YES_AGGRESSIVE;
				GCC_WARN_UNUSED_FUNCTION = YES;
				GCC_WARN_UNUSED_VARIABLE = YES;
				IPHONEOS_DEPLOYMENT_TARGET = 9.3;
				MTL_ENABLE_DEBUG_INFO = YES;
				ONLY_ACTIVE_ARCH = YES;
				SDKROOT = iphoneos;
				SWIFT_OPTIMIZATION_LEVEL = "-Onone";
				TARGETED_DEVICE_FAMILY = "1,2";
			};
			name = Debug;
		};
		04168A311C9E4D8D00CE54DF /* Release */ = {
			isa = XCBuildConfiguration;
			buildSettings = {
				ALWAYS_SEARCH_USER_PATHS = NO;
				CLANG_ANALYZER_NONNULL = YES;
				CLANG_CXX_LANGUAGE_STANDARD = "gnu++0x";
				CLANG_CXX_LIBRARY = "libc++";
				CLANG_ENABLE_MODULES = YES;
				CLANG_ENABLE_OBJC_ARC = YES;
				CLANG_WARN_BOOL_CONVERSION = YES;
				CLANG_WARN_CONSTANT_CONVERSION = YES;
				CLANG_WARN_DIRECT_OBJC_ISA_USAGE = YES_ERROR;
				CLANG_WARN_EMPTY_BODY = YES;
				CLANG_WARN_ENUM_CONVERSION = YES;
				CLANG_WARN_INT_CONVERSION = YES;
				CLANG_WARN_OBJC_ROOT_CLASS = YES_ERROR;
				CLANG_WARN_UNREACHABLE_CODE = YES;
				CLANG_WARN__DUPLICATE_METHOD_MATCH = YES;
				"CODE_SIGN_IDENTITY[sdk=iphoneos*]" = "iPhone Developer";
				COPY_PHASE_STRIP = NO;
				DEBUG_INFORMATION_FORMAT = "dwarf-with-dsym";
				ENABLE_NS_ASSERTIONS = NO;
				ENABLE_STRICT_OBJC_MSGSEND = YES;
				GCC_C_LANGUAGE_STANDARD = gnu99;
				GCC_NO_COMMON_BLOCKS = YES;
				GCC_WARN_64_TO_32_BIT_CONVERSION = YES;
				GCC_WARN_ABOUT_RETURN_TYPE = YES_ERROR;
				GCC_WARN_UNDECLARED_SELECTOR = YES;
				GCC_WARN_UNINITIALIZED_AUTOS = YES_AGGRESSIVE;
				GCC_WARN_UNUSED_FUNCTION = YES;
				GCC_WARN_UNUSED_VARIABLE = YES;
				IPHONEOS_DEPLOYMENT_TARGET = 9.3;
				MTL_ENABLE_DEBUG_INFO = NO;
				SDKROOT = iphoneos;
				TARGETED_DEVICE_FAMILY = "1,2";
				VALIDATE_PRODUCT = YES;
			};
			name = Release;
		};
		04168A331C9E4D8D00CE54DF /* Debug */ = {
			isa = XCBuildConfiguration;
			buildSettings = {
				ASSETCATALOG_COMPILER_APPICON_NAME = AppIcon;
				INFOPLIST_FILE = on/Info.plist;
				LD_RUNPATH_SEARCH_PATHS = "$(inherited) @executable_path/Frameworks";
				PRODUCT_BUNDLE_IDENTIFIER = com.hackplan.on;
				PRODUCT_NAME = "$(TARGET_NAME)";
			};
			name = Debug;
		};
		04168A341C9E4D8D00CE54DF /* Release */ = {
			isa = XCBuildConfiguration;
			buildSettings = {
				ASSETCATALOG_COMPILER_APPICON_NAME = AppIcon;
				INFOPLIST_FILE = on/Info.plist;
				LD_RUNPATH_SEARCH_PATHS = "$(inherited) @executable_path/Frameworks";
				PRODUCT_BUNDLE_IDENTIFIER = com.hackplan.on;
				PRODUCT_NAME = "$(TARGET_NAME)";
			};
			name = Release;
		};
		04168A361C9E4D8D00CE54DF /* Debug */ = {
			isa = XCBuildConfiguration;
			buildSettings = {
				BUNDLE_LOADER = "$(TEST_HOST)";
				INFOPLIST_FILE = onTests/Info.plist;
				LD_RUNPATH_SEARCH_PATHS = "$(inherited) @executable_path/Frameworks @loader_path/Frameworks";
				PRODUCT_BUNDLE_IDENTIFIER = com.hackplan.onTests;
				PRODUCT_NAME = "$(TARGET_NAME)";
				TEST_HOST = "$(BUILT_PRODUCTS_DIR)/on.app/on";
			};
			name = Debug;
		};
		04168A371C9E4D8D00CE54DF /* Release */ = {
			isa = XCBuildConfiguration;
			buildSettings = {
				BUNDLE_LOADER = "$(TEST_HOST)";
				INFOPLIST_FILE = onTests/Info.plist;
				LD_RUNPATH_SEARCH_PATHS = "$(inherited) @executable_path/Frameworks @loader_path/Frameworks";
				PRODUCT_BUNDLE_IDENTIFIER = com.hackplan.onTests;
				PRODUCT_NAME = "$(TARGET_NAME)";
				TEST_HOST = "$(BUILT_PRODUCTS_DIR)/on.app/on";
			};
			name = Release;
		};
		04168A391C9E4D8D00CE54DF /* Debug */ = {
			isa = XCBuildConfiguration;
			buildSettings = {
				INFOPLIST_FILE = onUITests/Info.plist;
				LD_RUNPATH_SEARCH_PATHS = "$(inherited) @executable_path/Frameworks @loader_path/Frameworks";
				PRODUCT_BUNDLE_IDENTIFIER = com.hackplan.onUITests;
				PRODUCT_NAME = "$(TARGET_NAME)";
				TEST_TARGET_NAME = on;
			};
			name = Debug;
		};
		04168A3A1C9E4D8D00CE54DF /* Release */ = {
			isa = XCBuildConfiguration;
			buildSettings = {
				INFOPLIST_FILE = onUITests/Info.plist;
				LD_RUNPATH_SEARCH_PATHS = "$(inherited) @executable_path/Frameworks @loader_path/Frameworks";
				PRODUCT_BUNDLE_IDENTIFIER = com.hackplan.onUITests;
				PRODUCT_NAME = "$(TARGET_NAME)";
				TEST_TARGET_NAME = on;
			};
			name = Release;
		};
/* End XCBuildConfiguration section */

/* Begin XCConfigurationList section */
		04168A051C9E4D8D00CE54DF /* Build configuration list for PBXProject "on" */ = {
			isa = XCConfigurationList;
			buildConfigurations = (
				04168A301C9E4D8D00CE54DF /* Debug */,
				04168A311C9E4D8D00CE54DF /* Release */,
			);
			defaultConfigurationIsVisible = 0;
			defaultConfigurationName = Release;
		};
		04168A321C9E4D8D00CE54DF /* Build configuration list for PBXNativeTarget "on" */ = {
			isa = XCConfigurationList;
			buildConfigurations = (
				04168A331C9E4D8D00CE54DF /* Debug */,
				04168A341C9E4D8D00CE54DF /* Release */,
			);
			defaultConfigurationIsVisible = 0;
		};
		04168A351C9E4D8D00CE54DF /* Build configuration list for PBXNativeTarget "onTests" */ = {
			isa = XCConfigurationList;
			buildConfigurations = (
				04168A361C9E4D8D00CE54DF /* Debug */,
				04168A371C9E4D8D00CE54DF /* Release */,
			);
			defaultConfigurationIsVisible = 0;
		};
		04168A381C9E4D8D00CE54DF /* Build configuration list for PBXNativeTarget "onUITests" */ = {
			isa = XCConfigurationList;
			buildConfigurations = (
				04168A391C9E4D8D00CE54DF /* Debug */,
				04168A3A1C9E4D8D00CE54DF /* Release */,
			);
			defaultConfigurationIsVisible = 0;
		};
/* End XCConfigurationList section */
	};
	rootObject = 04168A021C9E4D8D00CE54DF /* Project object */;
}
